
Microsoft Visual Studio Solution File, Format Version 12.00
# Visual Studio Version 17
VisualStudioVersion = 17.12.35521.163 d17.12
MinimumVisualStudioVersion = 10.0.40219.1
Project("{FAE04EC0-301F-11D3-BF4B-00C04F79EFBC}") = "TraversalCoreProject", "TraversalCoreProject\TraversalCoreProject.csproj", "{FC1FC556-FD31-4F97-9831-4D74C5BB49FF}"
EndProject
Project("{FAE04EC0-301F-11D3-BF4B-00C04F79EFBC}") = "EntityLayer", "EntityLayer\EntityLayer.csproj", "{AB885A7A-A5DA-4F23-8B5A-4BB180DCDFB4}"
EndProject
Project("{FAE04EC0-301F-11D3-BF4B-00C04F79EFBC}") = "DataAccessLayer", "DataAccessLayer\DataAccessLayer.csproj", "{0965B37C-9513-4182-835B-30358B88817A}"
EndProject
Project("{FAE04EC0-301F-11D3-BF4B-00C04F79EFBC}") = "BusinessLayer", "BusinessLayer\BusinessLayer.csproj", "{81BAD66F-1723-4F30-BF02-1110DA88F27E}"
EndProject
Global
	GlobalSection(SolutionConfigurationPlatforms) = preSolution
		Debug|Any CPU = Debug|Any CPU
		Release|Any CPU = Release|Any CPU
	EndGlobalSection
	GlobalSection(ProjectConfigurationPlatforms) = postSolution
		{FC1FC556-FD31-4F97-9831-4D74C5BB49FF}.Debug|Any CPU.ActiveCfg = Debug|Any CPU
		{FC1FC556-FD31-4F97-9831-4D74C5BB49FF}.Debug|Any CPU.Build.0 = Debug|Any CPU
		{FC1FC556-FD31-4F97-9831-4D74C5BB49FF}.Release|Any CPU.ActiveCfg = Release|Any CPU
		{FC1FC556-FD31-4F97-9831-4D74C5BB49FF}.Release|Any CPU.Build.0 = Release|Any CPU
		{AB885A7A-A5DA-4F23-8B5A-4BB180DCDFB4}.Debug|Any CPU.ActiveCfg = Debug|Any CPU
		{AB885A7A-A5DA-4F23-8B5A-4BB180DCDFB4}.Debug|Any CPU.Build.0 = Debug|Any CPU
		{AB885A7A-A5DA-4F23-8B5A-4BB180DCDFB4}.Release|Any CPU.ActiveCfg = Release|Any CPU
		{AB885A7A-A5DA-4F23-8B5A-4BB180DCDFB4}.Release|Any CPU.Build.0 = Release|Any CPU
		{0965B37C-9513-4182-835B-30358B88817A}.Debug|Any CPU.ActiveCfg = Debug|Any CPU
		{0965B37C-9513-4182-835B-30358B88817A}.Debug|Any CPU.Build.0 = Debug|Any CPU
		{0965B37C-9513-4182-835B-30358B88817A}.Release|Any CPU.ActiveCfg = Release|Any CPU
		{0965B37C-9513-4182-835B-30358B88817A}.Release|Any CPU.Build.0 = Release|Any CPU
		{81BAD66F-1723-4F30-BF02-1110DA88F27E}.Debug|Any CPU.ActiveCfg = Debug|Any CPU
		{81BAD66F-1723-4F30-BF02-1110DA88F27E}.Debug|Any CPU.Build.0 = Debug|Any CPU
		{81BAD66F-1723-4F30-BF02-1110DA88F27E}.Release|Any CPU.ActiveCfg = Release|Any CPU
		{81BAD66F-1723-4F30-BF02-1110DA88F27E}.Release|Any CPU.Build.0 = Release|Any CPU
	EndGlobalSection
	GlobalSection(SolutionProperties) = preSolution
		HideSolutionNode = FALSE
	EndGlobalSection
EndGlobal
